// !$*UTF8*$!
{
	archiveVersion = 1;
	classes = {
	};
	objectVersion = 56;
	objects = {

/* Begin PBXBuildFile section */
		89725E3F2DB56CB7009EB095 /* AudioTestApp.swift in Sources */ = {isa = PBXBuildFile; fileRef = 89725E3E2DB56CB7009EB095 /* AudioTestApp.swift */; };
		89725E412DB56CB7009EB095 /* ContentView.swift in Sources */ = {isa = PBXBuildFile; fileRef = 89725E402DB56CB7009EB095 /* ContentView.swift */; };
		89725E432DB56CB8009EB095 /* Assets.xcassets in Resources */ = {isa = PBXBuildFile; fileRef = 89725E422DB56CB8009EB095 /* Assets.xcassets */; };
		89725E462DB56CB8009EB095 /* Preview Assets.xcassets in Resources */ = {isa = PBXBuildFile; fileRef = 89725E452DB56CB8009EB095 /* Preview Assets.xcassets */; };
		89725E502DB56CB8009EB095 /* AudioTestTests.swift in Sources */ = {isa = PBXBuildFile; fileRef = 89725E4F2DB56CB8009EB095 /* AudioTestTests.swift */; };
		89725E5A2DB56CB8009EB095 /* AudioTestUITests.swift in Sources */ = {isa = PBXBuildFile; fileRef = 89725E592DB56CB8009EB095 /* AudioTestUITests.swift */; };
		89725E5C2DB56CB8009EB095 /* AudioTestUITestsLaunchTests.swift in Sources */ = {isa = PBXBuildFile; fileRef = 89725E5B2DB56CB8009EB095 /* AudioTestUITestsLaunchTests.swift */; };
		89725E6B2DB56F8B009EB095 /* AudioKit in Frameworks */ = {isa = PBXBuildFile; productRef = 89725E6A2DB56F8B009EB095 /* AudioKit */; };
		89725E6F2DB5709C009EB095 /* AudioKitEX in Frameworks */ = {isa = PBXBuildFile; productRef = 89725E6E2DB5709C009EB095 /* AudioKitEX */; };
		89725E712DB5709C009EB095 /* SoundpipeAudioKit in Frameworks */ = {isa = PBXBuildFile; productRef = 89725E702DB5709C009EB095 /* SoundpipeAudioKit */; };
		89D65D4B2DB5C28D002D2859 /* Knob.swift in Sources */ = {isa = PBXBuildFile; fileRef = 89D65D482DB5C28D002D2859 /* Knob.swift */; };
		89D65D4D2DB5D9EC002D2859 /* Theme.swift in Sources */ = {isa = PBXBuildFile; fileRef = 89D65D4C2DB5D9EC002D2859 /* Theme.swift */; };
		89D65D512DB5E0FE002D2859 /* Fader.swift in Sources */ = {isa = PBXBuildFile; fileRef = 89D65D502DB5E0FE002D2859 /* Fader.swift */; };
/* End PBXBuildFile section */

/* Begin PBXContainerItemProxy section */
		89725E4C2DB56CB8009EB095 /* PBXContainerItemProxy */ = {
			isa = PBXContainerItemProxy;
			containerPortal = 89725E332DB56CB7009EB095 /* Project object */;
			proxyType = 1;
			remoteGlobalIDString = 89725E3A2DB56CB7009EB095;
			remoteInfo = AudioTest;
		};
		89725E562DB56CB8009EB095 /* PBXContainerItemProxy */ = {
			isa = PBXContainerItemProxy;
			containerPortal = 89725E332DB56CB7009EB095 /* Project object */;
			proxyType = 1;
			remoteGlobalIDString = 89725E3A2DB56CB7009EB095;
			remoteInfo = AudioTest;
		};
/* End PBXContainerItemProxy section */

/* Begin PBXFileReference section */
		89725E3B2DB56CB7009EB095 /* AudioTest.app */ = {isa = PBXFileReference; explicitFileType = wrapper.application; includeInIndex = 0; path = AudioTest.app; sourceTree = BUILT_PRODUCTS_DIR; };
		89725E3E2DB56CB7009EB095 /* AudioTestApp.swift */ = {isa = PBXFileReference; lastKnownFileType = sourcecode.swift; path = AudioTestApp.swift; sourceTree = "<group>"; };
		89725E402DB56CB7009EB095 /* ContentView.swift */ = {isa = PBXFileReference; lastKnownFileType = sourcecode.swift; path = ContentView.swift; sourceTree = "<group>"; };
		89725E422DB56CB8009EB095 /* Assets.xcassets */ = {isa = PBXFileReference; lastKnownFileType = folder.assetcatalog; path = Assets.xcassets; sourceTree = "<group>"; };
		89725E452DB56CB8009EB095 /* Preview Assets.xcassets */ = {isa = PBXFileReference; lastKnownFileType = folder.assetcatalog; path = "Preview Assets.xcassets"; sourceTree = "<group>"; };
		89725E4B2DB56CB8009EB095 /* AudioTestTests.xctest */ = {isa = PBXFileReference; explicitFileType = wrapper.cfbundle; includeInIndex = 0; path = AudioTestTests.xctest; sourceTree = BUILT_PRODUCTS_DIR; };
		89725E4F2DB56CB8009EB095 /* AudioTestTests.swift */ = {isa = PBXFileReference; lastKnownFileType = sourcecode.swift; path = AudioTestTests.swift; sourceTree = "<group>"; };
		89725E552DB56CB8009EB095 /* AudioTestUITests.xctest */ = {isa = PBXFileReference; explicitFileType = wrapper.cfbundle; includeInIndex = 0; path = AudioTestUITests.xctest; sourceTree = BUILT_PRODUCTS_DIR; };
		89725E592DB56CB8009EB095 /* AudioTestUITests.swift */ = {isa = PBXFileReference; lastKnownFileType = sourcecode.swift; path = AudioTestUITests.swift; sourceTree = "<group>"; };
		89725E5B2DB56CB8009EB095 /* AudioTestUITestsLaunchTests.swift */ = {isa = PBXFileReference; lastKnownFileType = sourcecode.swift; path = AudioTestUITestsLaunchTests.swift; sourceTree = "<group>"; };
		89D65D482DB5C28D002D2859 /* Knob.swift */ = {isa = PBXFileReference; fileEncoding = 4; lastKnownFileType = sourcecode.swift; path = Knob.swift; sourceTree = "<group>"; };
		89D65D4C2DB5D9EC002D2859 /* Theme.swift */ = {isa = PBXFileReference; lastKnownFileType = sourcecode.swift; path = Theme.swift; sourceTree = "<group>"; };
		89D65D502DB5E0FE002D2859 /* Fader.swift */ = {isa = PBXFileReference; lastKnownFileType = sourcecode.swift; path = Fader.swift; sourceTree = "<group>"; };
/* End PBXFileReference section */

/* Begin PBXFrameworksBuildPhase section */
		89725E382DB56CB7009EB095 /* Frameworks */ = {
			isa = PBXFrameworksBuildPhase;
			buildActionMask = 2147483647;
			files = (
				89725E6B2DB56F8B009EB095 /* AudioKit in Frameworks */,
				89725E6F2DB5709C009EB095 /* AudioKitEX in Frameworks */,
				89725E712DB5709C009EB095 /* SoundpipeAudioKit in Frameworks */,
			);
			runOnlyForDeploymentPostprocessing = 0;
		};
		89725E482DB56CB8009EB095 /* Frameworks */ = {
			isa = PBXFrameworksBuildPhase;
			buildActionMask = 2147483647;
			files = (
			);
			runOnlyForDeploymentPostprocessing = 0;
		};
		89725E522DB56CB8009EB095 /* Frameworks */ = {
			isa = PBXFrameworksBuildPhase;
			buildActionMask = 2147483647;
			files = (
			);
			runOnlyForDeploymentPostprocessing = 0;
		};
/* End PBXFrameworksBuildPhase section */

/* Begin PBXGroup section */
		89725E322DB56CB7009EB095 = {
			isa = PBXGroup;
			children = (
				89725E3D2DB56CB7009EB095 /* AudioTest */,
				89725E4E2DB56CB8009EB095 /* AudioTestTests */,
				89725E582DB56CB8009EB095 /* AudioTestUITests */,
				89725E3C2DB56CB7009EB095 /* Products */,
				89725E692DB56F8B009EB095 /* Frameworks */,
			);
			sourceTree = "<group>";
		};
		89725E3C2DB56CB7009EB095 /* Products */ = {
			isa = PBXGroup;
			children = (
				89725E3B2DB56CB7009EB095 /* AudioTest.app */,
				89725E4B2DB56CB8009EB095 /* AudioTestTests.xctest */,
				89725E552DB56CB8009EB095 /* AudioTestUITests.xctest */,
			);
			name = Products;
			sourceTree = "<group>";
		};
		89725E3D2DB56CB7009EB095 /* AudioTest */ = {
			isa = PBXGroup;
			children = (
				89D65D4A2DB5C28D002D2859 /* Components */,
				89725E3E2DB56CB7009EB095 /* AudioTestApp.swift */,
				89725E402DB56CB7009EB095 /* ContentView.swift */,
				89D65D4C2DB5D9EC002D2859 /* Theme.swift */,
				89725E422DB56CB8009EB095 /* Assets.xcassets */,
				89725E442DB56CB8009EB095 /* Preview Content */,
			);
			path = AudioTest;
			sourceTree = "<group>";
		};
		89725E442DB56CB8009EB095 /* Preview Content */ = {
			isa = PBXGroup;
			children = (
				89725E452DB56CB8009EB095 /* Preview Assets.xcassets */,
			);
			path = "Preview Content";
			sourceTree = "<group>";
		};
		89725E4E2DB56CB8009EB095 /* AudioTestTests */ = {
			isa = PBXGroup;
			children = (
				89725E4F2DB56CB8009EB095 /* AudioTestTests.swift */,
			);
			path = AudioTestTests;
			sourceTree = "<group>";
		};
		89725E582DB56CB8009EB095 /* AudioTestUITests */ = {
			isa = PBXGroup;
			children = (
				89725E592DB56CB8009EB095 /* AudioTestUITests.swift */,
				89725E5B2DB56CB8009EB095 /* AudioTestUITestsLaunchTests.swift */,
			);
			path = AudioTestUITests;
			sourceTree = "<group>";
		};
		89725E692DB56F8B009EB095 /* Frameworks */ = {
			isa = PBXGroup;
			children = (
			);
			name = Frameworks;
			sourceTree = "<group>";
		};
		89D65D4A2DB5C28D002D2859 /* Components */ = {
			isa = PBXGroup;
			children = (
				89D65D482DB5C28D002D2859 /* Knob.swift */,
				89D65D502DB5E0FE002D2859 /* Fader.swift */,
			);
			name = Components;
			path = AudioTest/Components;
			sourceTree = SOURCE_ROOT;
		};
/* End PBXGroup section */

/* Begin PBXNativeTarget section */
		89725E3A2DB56CB7009EB095 /* AudioTest */ = {
			isa = PBXNativeTarget;
			buildConfigurationList = 89725E5F2DB56CB8009EB095 /* Build configuration list for PBXNativeTarget "AudioTest" */;
			buildPhases = (
				89725E372DB56CB7009EB095 /* Sources */,
				89725E382DB56CB7009EB095 /* Frameworks */,
				89725E392DB56CB7009EB095 /* Resources */,
			);
			buildRules = (
			);
			dependencies = (
			);
			name = AudioTest;
			packageProductDependencies = (
				89725E6A2DB56F8B009EB095 /* AudioKit */,
				89725E6E2DB5709C009EB095 /* AudioKitEX */,
				89725E702DB5709C009EB095 /* SoundpipeAudioKit */,
			);
			productName = AudioTest;
			productReference = 89725E3B2DB56CB7009EB095 /* AudioTest.app */;
			productType = "com.apple.product-type.application";
		};
		89725E4A2DB56CB8009EB095 /* AudioTestTests */ = {
			isa = PBXNativeTarget;
			buildConfigurationList = 89725E622DB56CB8009EB095 /* Build configuration list for PBXNativeTarget "AudioTestTests" */;
			buildPhases = (
				89725E472DB56CB8009EB095 /* Sources */,
				89725E482DB56CB8009EB095 /* Frameworks */,
				89725E492DB56CB8009EB095 /* Resources */,
			);
			buildRules = (
			);
			dependencies = (
				89725E4D2DB56CB8009EB095 /* PBXTargetDependency */,
			);
			name = AudioTestTests;
			productName = AudioTestTests;
			productReference = 89725E4B2DB56CB8009EB095 /* AudioTestTests.xctest */;
			productType = "com.apple.product-type.bundle.unit-test";
		};
		89725E542DB56CB8009EB095 /* AudioTestUITests */ = {
			isa = PBXNativeTarget;
			buildConfigurationList = 89725E652DB56CB8009EB095 /* Build configuration list for PBXNativeTarget "AudioTestUITests" */;
			buildPhases = (
				89725E512DB56CB8009EB095 /* Sources */,
				89725E522DB56CB8009EB095 /* Frameworks */,
				89725E532DB56CB8009EB095 /* Resources */,
			);
			buildRules = (
			);
			dependencies = (
				89725E572DB56CB8009EB095 /* PBXTargetDependency */,
			);
			name = AudioTestUITests;
			productName = AudioTestUITests;
			productReference = 89725E552DB56CB8009EB095 /* AudioTestUITests.xctest */;
			productType = "com.apple.product-type.bundle.ui-testing";
		};
/* End PBXNativeTarget section */

/* Begin PBXProject section */
		89725E332DB56CB7009EB095 /* Project object */ = {
			isa = PBXProject;
			attributes = {
				BuildIndependentTargetsInParallel = 1;
				LastSwiftUpdateCheck = 1540;
				LastUpgradeCheck = 1540;
				TargetAttributes = {
					89725E3A2DB56CB7009EB095 = {
						CreatedOnToolsVersion = 15.4;
					};
					89725E4A2DB56CB8009EB095 = {
						CreatedOnToolsVersion = 15.4;
						TestTargetID = 89725E3A2DB56CB7009EB095;
					};
					89725E542DB56CB8009EB095 = {
						CreatedOnToolsVersion = 15.4;
						TestTargetID = 89725E3A2DB56CB7009EB095;
					};
				};
			};
			buildConfigurationList = 89725E362DB56CB7009EB095 /* Build configuration list for PBXProject "AudioTest" */;
			compatibilityVersion = "Xcode 14.0";
			developmentRegion = en;
			hasScannedForEncodings = 0;
			knownRegions = (
				en,
				Base,
			);
			mainGroup = 89725E322DB56CB7009EB095;
			packageReferences = (
				89725E682DB56E3B009EB095 /* XCRemoteSwiftPackageReference "AudioKit" */,
				89725E6C2DB5706E009EB095 /* XCRemoteSwiftPackageReference "AudioKitEX" */,
				89725E6D2DB5707A009EB095 /* XCRemoteSwiftPackageReference "SoundpipeAudioKit" */,
			);
			productRefGroup = 89725E3C2DB56CB7009EB095 /* Products */;
			projectDirPath = "";
			projectRoot = "";
			targets = (
				89725E3A2DB56CB7009EB095 /* AudioTest */,
				89725E4A2DB56CB8009EB095 /* AudioTestTests */,
				89725E542DB56CB8009EB095 /* AudioTestUITests */,
			);
		};
/* End PBXProject section */

/* Begin PBXResourcesBuildPhase section */
		89725E392DB56CB7009EB095 /* Resources */ = {
			isa = PBXResourcesBuildPhase;
			buildActionMask = 2147483647;
			files = (
				89725E462DB56CB8009EB095 /* Preview Assets.xcassets in Resources */,
				89725E432DB56CB8009EB095 /* Assets.xcassets in Resources */,
			);
			runOnlyForDeploymentPostprocessing = 0;
		};
		89725E492DB56CB8009EB095 /* Resources */ = {
			isa = PBXResourcesBuildPhase;
			buildActionMask = 2147483647;
			files = (
			);
			runOnlyForDeploymentPostprocessing = 0;
		};
		89725E532DB56CB8009EB095 /* Resources */ = {
			isa = PBXResourcesBuildPhase;
			buildActionMask = 2147483647;
			files = (
			);
			runOnlyForDeploymentPostprocessing = 0;
		};
/* End PBXResourcesBuildPhase section */

/* Begin PBXSourcesBuildPhase section */
		89725E372DB56CB7009EB095 /* Sources */ = {
			isa = PBXSourcesBuildPhase;
			buildActionMask = 2147483647;
			files = (
				89725E412DB56CB7009EB095 /* ContentView.swift in Sources */,
				89D65D4D2DB5D9EC002D2859 /* Theme.swift in Sources */,
				89D65D4B2DB5C28D002D2859 /* Knob.swift in Sources */,
				89725E3F2DB56CB7009EB095 /* AudioTestApp.swift in Sources */,
				89D65D512DB5E0FE002D2859 /* Fader.swift in Sources */,
			);
			runOnlyForDeploymentPostprocessing = 0;
		};
		89725E472DB56CB8009EB095 /* Sources */ = {
			isa = PBXSourcesBuildPhase;
			buildActionMask = 2147483647;
			files = (
				89725E502DB56CB8009EB095 /* AudioTestTests.swift in Sources */,
			);
			runOnlyForDeploymentPostprocessing = 0;
		};
		89725E512DB56CB8009EB095 /* Sources */ = {
			isa = PBXSourcesBuildPhase;
			buildActionMask = 2147483647;
			files = (
				89725E5A2DB56CB8009EB095 /* AudioTestUITests.swift in Sources */,
				89725E5C2DB56CB8009EB095 /* AudioTestUITestsLaunchTests.swift in Sources */,
			);
			runOnlyForDeploymentPostprocessing = 0;
		};
/* End PBXSourcesBuildPhase section */

/* Begin PBXTargetDependency section */
		89725E4D2DB56CB8009EB095 /* PBXTargetDependency */ = {
			isa = PBXTargetDependency;
			target = 89725E3A2DB56CB7009EB095 /* AudioTest */;
			targetProxy = 89725E4C2DB56CB8009EB095 /* PBXContainerItemProxy */;
		};
		89725E572DB56CB8009EB095 /* PBXTargetDependency */ = {
			isa = PBXTargetDependency;
			target = 89725E3A2DB56CB7009EB095 /* AudioTest */;
			targetProxy = 89725E562DB56CB8009EB095 /* PBXContainerItemProxy */;
		};
/* End PBXTargetDependency section */

/* Begin XCBuildConfiguration section */
		89725E5D2DB56CB8009EB095 /* Debug */ = {
			isa = XCBuildConfiguration;
			buildSettings = {
				ALWAYS_SEARCH_USER_PATHS = NO;
				ASSETCATALOG_COMPILER_GENERATE_SWIFT_ASSET_SYMBOL_EXTENSIONS = YES;
				CLANG_ANALYZER_NONNULL = YES;
				CLANG_ANALYZER_NUMBER_OBJECT_CONVERSION = YES_AGGRESSIVE;
				CLANG_CXX_LANGUAGE_STANDARD = "gnu++20";
				CLANG_ENABLE_MODULES = YES;
				CLANG_ENABLE_OBJC_ARC = YES;
				CLANG_ENABLE_OBJC_WEAK = YES;
				CLANG_WARN_BLOCK_CAPTURE_AUTORELEASING = YES;
				CLANG_WARN_BOOL_CONVERSION = YES;
				CLANG_WARN_COMMA = YES;
				CLANG_WARN_CONSTANT_CONVERSION = YES;
				CLANG_WARN_DEPRECATED_OBJC_IMPLEMENTATIONS = YES;
				CLANG_WARN_DIRECT_OBJC_ISA_USAGE = YES_ERROR;
				CLANG_WARN_DOCUMENTATION_COMMENTS = YES;
				CLANG_WARN_EMPTY_BODY = YES;
				CLANG_WARN_ENUM_CONVERSION = YES;
				CLANG_WARN_INFINITE_RECURSION = YES;
				CLANG_WARN_INT_CONVERSION = YES;
				CLANG_WARN_NON_LITERAL_NULL_CONVERSION = YES;
				CLANG_WARN_OBJC_IMPLICIT_RETAIN_SELF = YES;
				CLANG_WARN_OBJC_LITERAL_CONVERSION = YES;
				CLANG_WARN_OBJC_ROOT_CLASS = YES_ERROR;
				CLANG_WARN_QUOTED_INCLUDE_IN_FRAMEWORK_HEADER = YES;
				CLANG_WARN_RANGE_LOOP_ANALYSIS = YES;
				CLANG_WARN_STRICT_PROTOTYPES = YES;
				CLANG_WARN_SUSPICIOUS_MOVE = YES;
				CLANG_WARN_UNGUARDED_AVAILABILITY = YES_AGGRESSIVE;
				CLANG_WARN_UNREACHABLE_CODE = YES;
				CLANG_WARN__DUPLICATE_METHOD_MATCH = YES;
				COPY_PHASE_STRIP = NO;
				DEBUG_INFORMATION_FORMAT = dwarf;
				ENABLE_STRICT_OBJC_MSGSEND = YES;
				ENABLE_TESTABILITY = YES;
				ENABLE_USER_SCRIPT_SANDBOXING = YES;
				GCC_C_LANGUAGE_STANDARD = gnu17;
				GCC_DYNAMIC_NO_PIC = NO;
				GCC_NO_COMMON_BLOCKS = YES;
				GCC_OPTIMIZATION_LEVEL = 0;
				GCC_PREPROCESSOR_DEFINITIONS = (
					"DEBUG=1",
					"$(inherited)",
				);
				GCC_WARN_64_TO_32_BIT_CONVERSION = YES;
				GCC_WARN_ABOUT_RETURN_TYPE = YES_ERROR;
				GCC_WARN_UNDECLARED_SELECTOR = YES;
				GCC_WARN_UNINITIALIZED_AUTOS = YES_AGGRESSIVE;
				GCC_WARN_UNUSED_FUNCTION = YES;
				GCC_WARN_UNUSED_VARIABLE = YES;
				IPHONEOS_DEPLOYMENT_TARGET = 17.5;
				LOCALIZATION_PREFERS_STRING_CATALOGS = YES;
				MTL_ENABLE_DEBUG_INFO = INCLUDE_SOURCE;
				MTL_FAST_MATH = YES;
				ONLY_ACTIVE_ARCH = YES;
				SDKROOT = iphoneos;
				SWIFT_ACTIVE_COMPILATION_CONDITIONS = "DEBUG $(inherited)";
				SWIFT_OPTIMIZATION_LEVEL = "-Onone";
			};
			name = Debug;
		};
		89725E5E2DB56CB8009EB095 /* Release */ = {
			isa = XCBuildConfiguration;
			buildSettings = {
				ALWAYS_SEARCH_USER_PATHS = NO;
				ASSETCATALOG_COMPILER_GENERATE_SWIFT_ASSET_SYMBOL_EXTENSIONS = YES;
				CLANG_ANALYZER_NONNULL = YES;
				CLANG_ANALYZER_NUMBER_OBJECT_CONVERSION = YES_AGGRESSIVE;
				CLANG_CXX_LANGUAGE_STANDARD = "gnu++20";
				CLANG_ENABLE_MODULES = YES;
				CLANG_ENABLE_OBJC_ARC = YES;
				CLANG_ENABLE_OBJC_WEAK = YES;
				CLANG_WARN_BLOCK_CAPTURE_AUTORELEASING = YES;
				CLANG_WARN_BOOL_CONVERSION = YES;
				CLANG_WARN_COMMA = YES;
				CLANG_WARN_CONSTANT_CONVERSION = YES;
				CLANG_WARN_DEPRECATED_OBJC_IMPLEMENTATIONS = YES;
				CLANG_WARN_DIRECT_OBJC_ISA_USAGE = YES_ERROR;
				CLANG_WARN_DOCUMENTATION_COMMENTS = YES;
				CLANG_WARN_EMPTY_BODY = YES;
				CLANG_WARN_ENUM_CONVERSION = YES;
				CLANG_WARN_INFINITE_RECURSION = YES;
				CLANG_WARN_INT_CONVERSION = YES;
				CLANG_WARN_NON_LITERAL_NULL_CONVERSION = YES;
				CLANG_WARN_OBJC_IMPLICIT_RETAIN_SELF = YES;
				CLANG_WARN_OBJC_LITERAL_CONVERSION = YES;
				CLANG_WARN_OBJC_ROOT_CLASS = YES_ERROR;
				CLANG_WARN_QUOTED_INCLUDE_IN_FRAMEWORK_HEADER = YES;
				CLANG_WARN_RANGE_LOOP_ANALYSIS = YES;
				CLANG_WARN_STRICT_PROTOTYPES = YES;
				CLANG_WARN_SUSPICIOUS_MOVE = YES;
				CLANG_WARN_UNGUARDED_AVAILABILITY = YES_AGGRESSIVE;
				CLANG_WARN_UNREACHABLE_CODE = YES;
				CLANG_WARN__DUPLICATE_METHOD_MATCH = YES;
				COPY_PHASE_STRIP = NO;
				DEBUG_INFORMATION_FORMAT = "dwarf-with-dsym";
				ENABLE_NS_ASSERTIONS = NO;
				ENABLE_STRICT_OBJC_MSGSEND = YES;
				ENABLE_USER_SCRIPT_SANDBOXING = YES;
				GCC_C_LANGUAGE_STANDARD = gnu17;
				GCC_NO_COMMON_BLOCKS = YES;
				GCC_WARN_64_TO_32_BIT_CONVERSION = YES;
				GCC_WARN_ABOUT_RETURN_TYPE = YES_ERROR;
				GCC_WARN_UNDECLARED_SELECTOR = YES;
				GCC_WARN_UNINITIALIZED_AUTOS = YES_AGGRESSIVE;
				GCC_WARN_UNUSED_FUNCTION = YES;
				GCC_WARN_UNUSED_VARIABLE = YES;
				IPHONEOS_DEPLOYMENT_TARGET = 17.5;
				LOCALIZATION_PREFERS_STRING_CATALOGS = YES;
				MTL_ENABLE_DEBUG_INFO = NO;
				MTL_FAST_MATH = YES;
				SDKROOT = iphoneos;
				SWIFT_COMPILATION_MODE = wholemodule;
				VALIDATE_PRODUCT = YES;
			};
			name = Release;
		};
		89725E602DB56CB8009EB095 /* Debug */ = {
			isa = XCBuildConfiguration;
			buildSettings = {
				ASSETCATALOG_COMPILER_APPICON_NAME = AppIcon;
				ASSETCATALOG_COMPILER_GLOBAL_ACCENT_COLOR_NAME = AccentColor;
				CODE_SIGN_STYLE = Automatic;
				CURRENT_PROJECT_VERSION = 1;
				DEVELOPMENT_ASSET_PATHS = "\"AudioTest/Preview Content\"";
				DEVELOPMENT_TEAM = C9XSN82EA9;
				ENABLE_PREVIEWS = YES;
				ENABLE_TESTING_SEARCH_PATHS = YES;
				GENERATE_INFOPLIST_FILE = YES;
				INFOPLIST_KEY_UIApplicationSceneManifest_Generation = YES;
				INFOPLIST_KEY_UIApplicationSupportsIndirectInputEvents = YES;
				INFOPLIST_KEY_UILaunchScreen_Generation = YES;
				INFOPLIST_KEY_UISupportedInterfaceOrientations_iPad = "UIInterfaceOrientationPortrait UIInterfaceOrientationPortraitUpsideDown UIInterfaceOrientationLandscapeLeft UIInterfaceOrientationLandscapeRight";
				INFOPLIST_KEY_UISupportedInterfaceOrientations_iPhone = "UIInterfaceOrientationPortrait UIInterfaceOrientationLandscapeLeft UIInterfaceOrientationLandscapeRight";
				LD_RUNPATH_SEARCH_PATHS = (
					"$(inherited)",
					"@executable_path/Frameworks",
				);
				MARKETING_VERSION = 1.0;
				PRODUCT_BUNDLE_IDENTIFIER = MechanicalChild.AudioTest;
				PRODUCT_NAME = "$(TARGET_NAME)";
				SUPPORTED_PLATFORMS = "iphoneos iphonesimulator";
				SUPPORTS_MACCATALYST = NO;
				SUPPORTS_XR_DESIGNED_FOR_IPHONE_IPAD = NO;
				SWIFT_EMIT_LOC_STRINGS = YES;
				SWIFT_VERSION = 5.0;
				TARGETED_DEVICE_FAMILY = "1,2";
			};
			name = Debug;
		};
		89725E612DB56CB8009EB095 /* Release */ = {
			isa = XCBuildConfiguration;
			buildSettings = {
				ASSETCATALOG_COMPILER_APPICON_NAME = AppIcon;
				ASSETCATALOG_COMPILER_GLOBAL_ACCENT_COLOR_NAME = AccentColor;
				CODE_SIGN_STYLE = Automatic;
				CURRENT_PROJECT_VERSION = 1;
				DEVELOPMENT_ASSET_PATHS = "\"AudioTest/Preview Content\"";
				DEVELOPMENT_TEAM = C9XSN82EA9;
				ENABLE_PREVIEWS = YES;
				ENABLE_TESTING_SEARCH_PATHS = YES;
				GENERATE_INFOPLIST_FILE = YES;
				INFOPLIST_KEY_UIApplicationSceneManifest_Generation = YES;
				INFOPLIST_KEY_UIApplicationSupportsIndirectInputEvents = YES;
				INFOPLIST_KEY_UILaunchScreen_Generation = YES;
				INFOPLIST_KEY_UISupportedInterfaceOrientations_iPad = "UIInterfaceOrientationPortrait UIInterfaceOrientationPortraitUpsideDown UIInterfaceOrientationLandscapeLeft UIInterfaceOrientationLandscapeRight";
				INFOPLIST_KEY_UISupportedInterfaceOrientations_iPhone = "UIInterfaceOrientationPortrait UIInterfaceOrientationLandscapeLeft UIInterfaceOrientationLandscapeRight";
				LD_RUNPATH_SEARCH_PATHS = (
					"$(inherited)",
					"@executable_path/Frameworks",
				);
				MARKETING_VERSION = 1.0;
				PRODUCT_BUNDLE_IDENTIFIER = MechanicalChild.AudioTest;
				PRODUCT_NAME = "$(TARGET_NAME)";
				SUPPORTED_PLATFORMS = "iphoneos iphonesimulator";
				SUPPORTS_MACCATALYST = NO;
				SUPPORTS_XR_DESIGNED_FOR_IPHONE_IPAD = NO;
				SWIFT_EMIT_LOC_STRINGS = YES;
				SWIFT_VERSION = 5.0;
				TARGETED_DEVICE_FAMILY = "1,2";
			};
			name = Release;
		};
		89725E632DB56CB8009EB095 /* Debug */ = {
			isa = XCBuildConfiguration;
			buildSettings = {
				ALWAYS_EMBED_SWIFT_STANDARD_LIBRARIES = YES;
				BUNDLE_LOADER = "$(TEST_HOST)";
				CODE_SIGN_STYLE = Automatic;
				CURRENT_PROJECT_VERSION = 1;
				DEVELOPMENT_TEAM = C9XSN82EA9;
				GENERATE_INFOPLIST_FILE = YES;
				IPHONEOS_DEPLOYMENT_TARGET = 17.5;
				MARKETING_VERSION = 1.0;
				PRODUCT_BUNDLE_IDENTIFIER = MechanicalChild.AudioTestTests;
				PRODUCT_NAME = "$(TARGET_NAME)";
				SWIFT_EMIT_LOC_STRINGS = NO;
				SWIFT_VERSION = 5.0;
				TARGETED_DEVICE_FAMILY = "1,2";
				TEST_HOST = "$(BUILT_PRODUCTS_DIR)/AudioTest.app/$(BUNDLE_EXECUTABLE_FOLDER_PATH)/AudioTest";
			};
			name = Debug;
		};
		89725E642DB56CB8009EB095 /* Release */ = {
			isa = XCBuildConfiguration;
			buildSettings = {
				ALWAYS_EMBED_SWIFT_STANDARD_LIBRARIES = YES;
				BUNDLE_LOADER = "$(TEST_HOST)";
				CODE_SIGN_STYLE = Automatic;
				CURRENT_PROJECT_VERSION = 1;
				DEVELOPMENT_TEAM = C9XSN82EA9;
				GENERATE_INFOPLIST_FILE = YES;
				IPHONEOS_DEPLOYMENT_TARGET = 17.5;
				MARKETING_VERSION = 1.0;
				PRODUCT_BUNDLE_IDENTIFIER = MechanicalChild.AudioTestTests;
				PRODUCT_NAME = "$(TARGET_NAME)";
				SWIFT_EMIT_LOC_STRINGS = NO;
				SWIFT_VERSION = 5.0;
				TARGETED_DEVICE_FAMILY = "1,2";
				TEST_HOST = "$(BUILT_PRODUCTS_DIR)/AudioTest.app/$(BUNDLE_EXECUTABLE_FOLDER_PATH)/AudioTest";
			};
			name = Release;
		};
		89725E662DB56CB8009EB095 /* Debug */ = {
			isa = XCBuildConfiguration;
			buildSettings = {
				ALWAYS_EMBED_SWIFT_STANDARD_LIBRARIES = YES;
				CODE_SIGN_STYLE = Automatic;
				CURRENT_PROJECT_VERSION = 1;
				DEVELOPMENT_TEAM = C9XSN82EA9;
				GENERATE_INFOPLIST_FILE = YES;
				MARKETING_VERSION = 1.0;
				PRODUCT_BUNDLE_IDENTIFIER = MechanicalChild.AudioTestUITests;
				PRODUCT_NAME = "$(TARGET_NAME)";
				SWIFT_EMIT_LOC_STRINGS = NO;
				SWIFT_VERSION = 5.0;
				TARGETED_DEVICE_FAMILY = "1,2";
				TEST_TARGET_NAME = AudioTest;
			};
			name = Debug;
		};
		89725E672DB56CB8009EB095 /* Release */ = {
			isa = XCBuildConfiguration;
			buildSettings = {
				ALWAYS_EMBED_SWIFT_STANDARD_LIBRARIES = YES;
				CODE_SIGN_STYLE = Automatic;
				CURRENT_PROJECT_VERSION = 1;
				DEVELOPMENT_TEAM = C9XSN82EA9;
				GENERATE_INFOPLIST_FILE = YES;
				MARKETING_VERSION = 1.0;
				PRODUCT_BUNDLE_IDENTIFIER = MechanicalChild.AudioTestUITests;
				PRODUCT_NAME = "$(TARGET_NAME)";
				SWIFT_EMIT_LOC_STRINGS = NO;
				SWIFT_VERSION = 5.0;
				TARGETED_DEVICE_FAMILY = "1,2";
				TEST_TARGET_NAME = AudioTest;
			};
			name = Release;
		};
/* End XCBuildConfiguration section */

/* Begin XCConfigurationList section */
		89725E362DB56CB7009EB095 /* Build configuration list for PBXProject "AudioTest" */ = {
			isa = XCConfigurationList;
			buildConfigurations = (
				89725E5D2DB56CB8009EB095 /* Debug */,
				89725E5E2DB56CB8009EB095 /* Release */,
			);
			defaultConfigurationIsVisible = 0;
			defaultConfigurationName = Release;
		};
		89725E5F2DB56CB8009EB095 /* Build configuration list for PBXNativeTarget "AudioTest" */ = {
			isa = XCConfigurationList;
			buildConfigurations = (
				89725E602DB56CB8009EB095 /* Debug */,
				89725E612DB56CB8009EB095 /* Release */,
			);
			defaultConfigurationIsVisible = 0;
			defaultConfigurationName = Release;
		};
		89725E622DB56CB8009EB095 /* Build configuration list for PBXNativeTarget "AudioTestTests" */ = {
			isa = XCConfigurationList;
			buildConfigurations = (
				89725E632DB56CB8009EB095 /* Debug */,
				89725E642DB56CB8009EB095 /* Release */,
			);
			defaultConfigurationIsVisible = 0;
			defaultConfigurationName = Release;
		};
		89725E652DB56CB8009EB095 /* Build configuration list for PBXNativeTarget "AudioTestUITests" */ = {
			isa = XCConfigurationList;
			buildConfigurations = (
				89725E662DB56CB8009EB095 /* Debug */,
				89725E672DB56CB8009EB095 /* Release */,
			);
			defaultConfigurationIsVisible = 0;
			defaultConfigurationName = Release;
		};
/* End XCConfigurationList section */

/* Begin XCRemoteSwiftPackageReference section */
		89725E682DB56E3B009EB095 /* XCRemoteSwiftPackageReference "AudioKit" */ = {
			isa = XCRemoteSwiftPackageReference;
			repositoryURL = "https://github.com/AudioKit/AudioKit";
			requirement = {
				kind = upToNextMajorVersion;
				minimumVersion = 5.6.5;
			};
		};
		89725E6C2DB5706E009EB095 /* XCRemoteSwiftPackageReference "AudioKitEX" */ = {
			isa = XCRemoteSwiftPackageReference;
			repositoryURL = "https://github.com/AudioKit/AudioKitEX";
			requirement = {
				kind = upToNextMajorVersion;
				minimumVersion = 5.6.2;
			};
		};
		89725E6D2DB5707A009EB095 /* XCRemoteSwiftPackageReference "SoundpipeAudioKit" */ = {
			isa = XCRemoteSwiftPackageReference;
			repositoryURL = "https://github.com/AudioKit/SoundpipeAudioKit";
			requirement = {
				kind = upToNextMajorVersion;
				minimumVersion = 5.6.1;
			};
		};
/* End XCRemoteSwiftPackageReference section */

/* Begin XCSwiftPackageProductDependency section */
		89725E6A2DB56F8B009EB095 /* AudioKit */ = {
			isa = XCSwiftPackageProductDependency;
			package = 89725E682DB56E3B009EB095 /* XCRemoteSwiftPackageReference "AudioKit" */;
			productName = AudioKit;
		};
		89725E6E2DB5709C009EB095 /* AudioKitEX */ = {
			isa = XCSwiftPackageProductDependency;
			package = 89725E6C2DB5706E009EB095 /* XCRemoteSwiftPackageReference "AudioKitEX" */;
			productName = AudioKitEX;
		};
		89725E702DB5709C009EB095 /* SoundpipeAudioKit */ = {
			isa = XCSwiftPackageProductDependency;
			package = 89725E6D2DB5707A009EB095 /* XCRemoteSwiftPackageReference "SoundpipeAudioKit" */;
			productName = SoundpipeAudioKit;
		};
/* End XCSwiftPackageProductDependency section */
	};
	rootObject = 89725E332DB56CB7009EB095 /* Project object */;
}
